{
  "requires": true,
  "lockfileVersion": 1,
  "dependencies": {
    "classnames": {
      "version": "2.2.6",
      "resolved": "https://registry.npmjs.org/classnames/-/classnames-2.2.6.tgz",
      "integrity": "sha512-JR/iSQOSt+LQIWwrwEzJ9uk0xfN3mTVYMwt1Ir5mUcSN6pU+V4zQFFaJsclJbPuAUQH+yfWef6tm7l1quW3C8Q=="
    },
    "react-hook-form": {
      "version": "6.3.2",
      "resolved": "https://registry.npmjs.org/react-hook-form/-/react-hook-form-6.3.2.tgz",
      "integrity": "sha512-wM02rGN25wCX7WLORFE2xj9DIzQiBqmoeIzLS7vrB3yt0xVfLAi502u4FFV2l2RAJDsry/87d8fvvx+kFPv+WA=="
    }
  }
}
